
Microsoft Visual Studio Solution File, Format Version 12.00
Project("{FAE04EC0-301F-11D3-BF4B-00C04F79EFBC}") = "WebApi", "WebApi\WebApi.csproj", "{0BC52DF4-A4AF-4798-AF23-A24D6C8ABECB}"
EndProject
Project("{FAE04EC0-301F-11D3-BF4B-00C04F79EFBC}") = "Domains", "Domains\Domains.csproj", "{591EA87B-69AF-4F0F-93CE-9C500CF7788D}"
EndProject
Project("{FAE04EC0-301F-11D3-BF4B-00C04F79EFBC}") = "EntityFramework", "EntityFramework\EntityFramework.csproj", "{DAFF91EA-EF70-47A3-9CFC-2D96B043331F}"
EndProject
Project("{FAE04EC0-301F-11D3-BF4B-00C04F79EFBC}") = "Repos", "Repos\Repos.csproj", "{BE8CDEAB-4566-4EAB-843B-DC66CC713B33}"
EndProject
Project("{FAE04EC0-301F-11D3-BF4B-00C04F79EFBC}") = "Tests", "Tests\Tests.csproj", "{2B177B90-2503-4EF9-B1CF-936562DA0A9E}"
EndProject
Project("{FAE04EC0-301F-11D3-BF4B-00C04F79EFBC}") = "Services", "Services\Services.csproj", "{AE33F085-D493-4780-8EDF-01F10F3EC2C1}"
EndProject
Project("{FAE04EC0-301F-11D3-BF4B-00C04F79EFBC}") = "DTO", "DTO\DTO.csproj", "{21375990-7B91-4A2A-ABAF-E0131476965C}"
EndProject
Project("{FAE04EC0-301F-11D3-BF4B-00C04F79EFBC}") = "Infrastructure", "Infrastructure\Infrastructure.csproj", "{CEC5CAEF-0B0B-469F-92C1-4703B1C4A70D}"
EndProject
Global
	GlobalSection(SolutionConfigurationPlatforms) = preSolution
		Debug|Any CPU = Debug|Any CPU
		Release|Any CPU = Release|Any CPU
	EndGlobalSection
	GlobalSection(ProjectConfigurationPlatforms) = postSolution
		{0BC52DF4-A4AF-4798-AF23-A24D6C8ABECB}.Debug|Any CPU.ActiveCfg = Debug|Any CPU
		{0BC52DF4-A4AF-4798-AF23-A24D6C8ABECB}.Debug|Any CPU.Build.0 = Debug|Any CPU
		{0BC52DF4-A4AF-4798-AF23-A24D6C8ABECB}.Release|Any CPU.ActiveCfg = Release|Any CPU
		{0BC52DF4-A4AF-4798-AF23-A24D6C8ABECB}.Release|Any CPU.Build.0 = Release|Any CPU
		{591EA87B-69AF-4F0F-93CE-9C500CF7788D}.Debug|Any CPU.ActiveCfg = Debug|Any CPU
		{591EA87B-69AF-4F0F-93CE-9C500CF7788D}.Debug|Any CPU.Build.0 = Debug|Any CPU
		{591EA87B-69AF-4F0F-93CE-9C500CF7788D}.Release|Any CPU.ActiveCfg = Release|Any CPU
		{591EA87B-69AF-4F0F-93CE-9C500CF7788D}.Release|Any CPU.Build.0 = Release|Any CPU
		{DAFF91EA-EF70-47A3-9CFC-2D96B043331F}.Debug|Any CPU.ActiveCfg = Debug|Any CPU
		{DAFF91EA-EF70-47A3-9CFC-2D96B043331F}.Debug|Any CPU.Build.0 = Debug|Any CPU
		{DAFF91EA-EF70-47A3-9CFC-2D96B043331F}.Release|Any CPU.ActiveCfg = Release|Any CPU
		{DAFF91EA-EF70-47A3-9CFC-2D96B043331F}.Release|Any CPU.Build.0 = Release|Any CPU
		{BE8CDEAB-4566-4EAB-843B-DC66CC713B33}.Debug|Any CPU.ActiveCfg = Debug|Any CPU
		{BE8CDEAB-4566-4EAB-843B-DC66CC713B33}.Debug|Any CPU.Build.0 = Debug|Any CPU
		{BE8CDEAB-4566-4EAB-843B-DC66CC713B33}.Release|Any CPU.ActiveCfg = Release|Any CPU
		{BE8CDEAB-4566-4EAB-843B-DC66CC713B33}.Release|Any CPU.Build.0 = Release|Any CPU
		{2B177B90-2503-4EF9-B1CF-936562DA0A9E}.Debug|Any CPU.ActiveCfg = Debug|Any CPU
		{2B177B90-2503-4EF9-B1CF-936562DA0A9E}.Debug|Any CPU.Build.0 = Debug|Any CPU
		{2B177B90-2503-4EF9-B1CF-936562DA0A9E}.Release|Any CPU.ActiveCfg = Release|Any CPU
		{2B177B90-2503-4EF9-B1CF-936562DA0A9E}.Release|Any CPU.Build.0 = Release|Any CPU
		{AE33F085-D493-4780-8EDF-01F10F3EC2C1}.Debug|Any CPU.ActiveCfg = Debug|Any CPU
		{AE33F085-D493-4780-8EDF-01F10F3EC2C1}.Debug|Any CPU.Build.0 = Debug|Any CPU
		{AE33F085-D493-4780-8EDF-01F10F3EC2C1}.Release|Any CPU.ActiveCfg = Release|Any CPU
		{AE33F085-D493-4780-8EDF-01F10F3EC2C1}.Release|Any CPU.Build.0 = Release|Any CPU
		{21375990-7B91-4A2A-ABAF-E0131476965C}.Debug|Any CPU.ActiveCfg = Debug|Any CPU
		{21375990-7B91-4A2A-ABAF-E0131476965C}.Debug|Any CPU.Build.0 = Debug|Any CPU
		{21375990-7B91-4A2A-ABAF-E0131476965C}.Release|Any CPU.ActiveCfg = Release|Any CPU
		{21375990-7B91-4A2A-ABAF-E0131476965C}.Release|Any CPU.Build.0 = Release|Any CPU
		{CEC5CAEF-0B0B-469F-92C1-4703B1C4A70D}.Debug|Any CPU.ActiveCfg = Debug|Any CPU
		{CEC5CAEF-0B0B-469F-92C1-4703B1C4A70D}.Debug|Any CPU.Build.0 = Debug|Any CPU
		{CEC5CAEF-0B0B-469F-92C1-4703B1C4A70D}.Release|Any CPU.ActiveCfg = Release|Any CPU
		{CEC5CAEF-0B0B-469F-92C1-4703B1C4A70D}.Release|Any CPU.Build.0 = Release|Any CPU
	EndGlobalSection
EndGlobal
